Microsoft Visual Studio Solution File, Format Version 12.00
# Visual Studio Version 17
VisualStudioVersion = 17.8.34316.72
MinimumVisualStudioVersion = 10.0.40219.1
Project("{2150E333-8FDC-42A3-9474-1A3956D46DE8}") = "src", "src", "{B621AE88-2064-4522-85BC-3DB12C4467DA}"
EndProject
Project("{2150E333-8FDC-42A3-9474-1A3956D46DE8}") = "ApiGateways", "ApiGateways", "{F8038355-CD48-4C52-9D64-3281B09C062B}"
EndProject
Project("{2150E333-8FDC-42A3-9474-1A3956D46DE8}") = "WebApiGateway", "WebApiGateway", "{7AD8DEAB-3CC9-43A0-B83D-4F180D6BBE52}"
EndProject
Project("{9A19103F-16F7-4668-BE54-9A1E7A4F7556}") = "Helix.Web.ApiGateway", "src\ApiGateways\WebApiGateway\Helix.Web.ApiGateway\Helix.Web.ApiGateway.csproj", "{029833D5-F4D2-45F7-851F-BAEC27ED38E2}"
EndProject
Project("{2150E333-8FDC-42A3-9474-1A3956D46DE8}") = "BuildingBlocks", "BuildingBlocks", "{D2489367-D423-4596-A6A9-35DA48AA31DF}"
EndProject
Project("{2150E333-8FDC-42A3-9474-1A3956D46DE8}") = "EventBus", "EventBus", "{54DE53E8-ADC8-48A4-8A9E-7F0C582FF2E7}"
EndProject
Project("{9A19103F-16F7-4668-BE54-9A1E7A4F7556}") = "Helix.EventBus.Base", "src\BuildingBlocks\EventBus\Helix.EventBus.Base\Helix.EventBus.Base.csproj", "{C41903D5-732E-4444-BC81-39EE2152EB70}"
EndProject
Project("{9A19103F-16F7-4668-BE54-9A1E7A4F7556}") = "Helix.EventBus.Factory", "src\BuildingBlocks\EventBus\Helix.EventBus.Factory\Helix.EventBus.Factory.csproj", "{F65138FB-E881-40CC-9DDD-2972F8513A69}"
EndProject
Project("{9A19103F-16F7-4668-BE54-9A1E7A4F7556}") = "Helix.EventBus.RabbitMQ", "src\BuildingBlocks\EventBus\Helix.EventBus.RabbitMQ\Helix.EventBus.RabbitMQ.csproj", "{D0C7C2FA-3139-4B00-B1D5-5F7EECFD5EA0}"
EndProject
Project("{2150E333-8FDC-42A3-9474-1A3956D46DE8}") = "Services", "Services", "{545A203E-A040-4BFD-A610-48C2C1C9A72D}"
EndProject
Project("{2150E333-8FDC-42A3-9474-1A3956D46DE8}") = "Core", "Core", "{11DA69FC-C221-4083-96DF-35AC9E4D6AAC}"
EndProject
Project("{2150E333-8FDC-42A3-9474-1A3956D46DE8}") = "Entity", "Entity", "{D9324C7D-D01A-4775-BD69-80EE479A90B5}"
EndProject
Project("{2150E333-8FDC-42A3-9474-1A3956D46DE8}") = "DataAccess", "DataAccess", "{F83BE06B-AEE9-41A2-9E1B-3A2D8E5C6080}"
EndProject
Project("{9A19103F-16F7-4668-BE54-9A1E7A4F7556}") = "Helix.Tiger.Entity", "src\Core\Entity\Helix.Tiger.Entity\Helix.Tiger.Entity.csproj", "{5E647957-B588-4BC8-9DAD-6EA05E9B1E93}"
EndProject
Project("{9A19103F-16F7-4668-BE54-9A1E7A4F7556}") = "Helix.Go.Entity", "src\Core\Entity\Helix.Go.Entity\Helix.Go.Entity.csproj", "{6D8D61D2-C8FE-4026-AE17-F68A95128E3C}"
EndProject
Project("{9A19103F-16F7-4668-BE54-9A1E7A4F7556}") = "Helix.Tiger.DataAccess", "src\Core\DataAccess\Helix.Tiger.DataAccess\Helix.Tiger.DataAccess.csproj", "{80874EAC-F1FD-42D6-9ACF-627D6F7FCF0B}"
EndProject
Project("{9A19103F-16F7-4668-BE54-9A1E7A4F7556}") = "Helix.Go.DataAccess", "src\Core\DataAccess\Helix.Go.DataAccess\Helix.Go.DataAccess.csproj", "{E2D69C9B-7DD6-4A22-95B8-151C12CB3099}"
EndProject
Project("{2150E333-8FDC-42A3-9474-1A3956D46DE8}") = "ProductService", "ProductService", "{DB0150A8-E660-4C6E-9540-538D96DA6945}"
EndProject
Project("{9A19103F-16F7-4668-BE54-9A1E7A4F7556}") = "Helix.ProductService.Api", "src\Services\ProductService\Helix.ProductService.Api\Helix.ProductService.Api\Helix.ProductService.Api.csproj", "{580451B8-2500-43A0-BF98-0C7E8A1B5BF5}"
EndProject
Project("{2150E333-8FDC-42A3-9474-1A3956D46DE8}") = "CustomerService", "CustomerService", "{93CDEF7E-418B-4BAA-810F-B10F16BD6A3D}"
EndProject
Project("{9A19103F-16F7-4668-BE54-9A1E7A4F7556}") = "Helix.CustomerService.Api", "src\Services\CustomerService\Helix.CustomerService.Api\Helix.CustomerService.Api.csproj", "{C2BC12E1-5F81-455C-ADB3-98D8B4A61A27}"
EndProject
Project("{9A19103F-16F7-4668-BE54-9A1E7A4F7556}") = "Helix.Queries", "src\Core\DataAccess\Helix.Queries\Helix.Queries.csproj", "{318737A6-EB28-4E72-9495-17D16EFF143F}"
EndProject
Project("{9A19103F-16F7-4668-BE54-9A1E7A4F7556}") = "Helix.SharedEntity", "src\Core\Entity\Helix.SharedEntity\Helix.SharedEntity.csproj", "{084ED219-F491-475D-A97A-7616AB047C0F}"
EndProject
Project("{2150E333-8FDC-42A3-9474-1A3956D46DE8}") = "SalesService", "SalesService", "{288ACC7C-BD61-4E28-B369-A8A36DE959A1}"
EndProject
Project("{9A19103F-16F7-4668-BE54-9A1E7A4F7556}") = "Helix.SalesService.Domain", "src\Services\SalesService\Helix.SalesService.Domain\Helix.SalesService.Domain.csproj", "{D5092112-B2D6-4CC8-AA36-299B8DFE3344}"
EndProject
Project("{9A19103F-16F7-4668-BE54-9A1E7A4F7556}") = "Helix.SalesService.Application", "src\Services\SalesService\Helix.SalesService.Application\Helix.SalesService.Application.csproj", "{E09FDC77-41CD-404E-8611-C25AF3DBE294}"
EndProject
Project("{9A19103F-16F7-4668-BE54-9A1E7A4F7556}") = "Helix.SalesService.Infrastructure", "src\Services\SalesService\Helix.SalesService.Infrastructure\Helix.SalesService.Infrastructure.csproj", "{A5B1818C-7486-4F9A-9824-BFF8B6C90883}"
EndProject
Project("{9A19103F-16F7-4668-BE54-9A1E7A4F7556}") = "Helix.SalesService.WebAPI", "src\Services\SalesService\Helix.SalesService.WebAPI\Helix.SalesService.WebAPI.csproj", "{FACDD688-5921-4CE0-8140-8D8B93503CDC}"
EndProject
Project("{2150E333-8FDC-42A3-9474-1A3956D46DE8}") = "ProductionService", "ProductionService", "{711F599D-5B63-4FBA-9A5B-91E3CDF70632}"
EndProject
Project("{9A19103F-16F7-4668-BE54-9A1E7A4F7556}") = "Helix.ProductionService.Application", "src\Services\ProductionService\Helix.ProductionService.Application\Helix.ProductionService.Application.csproj", "{F35C29DE-6DED-4C7C-AD3A-34DF45ABA5A2}"
EndProject
Project("{9A19103F-16F7-4668-BE54-9A1E7A4F7556}") = "Helix.ProductionService.Domain", "src\Services\ProductionService\Helix.Production.Domain\Helix.ProductionService.Domain.csproj", "{62E1A1DE-3AF4-4703-A99B-8FEA12428F76}"
EndProject
Project("{9A19103F-16F7-4668-BE54-9A1E7A4F7556}") = "Helix.ProductionService.Infrastructure", "src\Services\ProductionService\Helix.ProductionService.Infrastructure\Helix.ProductionService.Infrastructure.csproj", "{1C33629C-D3DB-48C0-81C9-6911D27C3486}"
EndProject
Project("{9A19103F-16F7-4668-BE54-9A1E7A4F7556}") = "Helix.ProductionService.WebAPI", "src\Services\ProductionService\Helix.ProductionService.API\Helix.ProductionService.WebAPI.csproj", "{AED5DEC2-20A1-4E77-9F26-A95FED55A414}"
EndProject
Project("{9A19103F-16F7-4668-BE54-9A1E7A4F7556}") = "Helix.ProductService.Application", "src\Services\ProductService\Helix.ProductService.Application\Helix.ProductService.Application.csproj", "{4126181A-BDB3-4515-8B88-4960A8F2006F}"
EndProject
Project("{9A19103F-16F7-4668-BE54-9A1E7A4F7556}") = "Helix.ProductService.Infrastructure", "src\Services\ProductService\Helix.ProductService.Infrastructure\Helix.ProductService.Infrastructure.csproj", "{1C79738F-6548-4987-8AEE-8128A17BED66}"
EndProject
Project("{9A19103F-16F7-4668-BE54-9A1E7A4F7556}") = "Helix.ProductService.Domain", "src\Services\ProductService\Helix.ProductService.Domain\Helix.ProductService.Domain.csproj", "{35FC5028-2FE0-480C-8815-54A668314131}"
EndProject
Project("{2150E333-8FDC-42A3-9474-1A3956D46DE8}") = "PurchaseService", "PurchaseService", "{99393B8B-F96A-41C4-977E-B018825BB33F}"
EndProject
Project("{9A19103F-16F7-4668-BE54-9A1E7A4F7556}") = "Helix.PurchaseService.Application", "src\Services\PurchaseService\Helix.PurchaseService.Application\Helix.PurchaseService.Application.csproj", "{3FE2CCCE-CDBC-4922-9114-4BC4D42D0039}"
EndProject
Project("{9A19103F-16F7-4668-BE54-9A1E7A4F7556}") = "Helix.PurchaseService.Domain", "src\Services\PurchaseService\Helix.PurchaseService.Domain\Helix.PurchaseService.Domain.csproj", "{DB5B5C6B-6DE4-4370-B35F-055793CB79DC}"
EndProject
Project("{9A19103F-16F7-4668-BE54-9A1E7A4F7556}") = "Helix.PurchaseService.Infrastructure", "src\Services\PurchaseService\Helix.PurchaseService.Infrastructure\Helix.PurchaseService.Infrastructure.csproj", "{6F4091BB-70FD-408B-952C-D8FD75AC7D86}"
EndProject
Project("{9A19103F-16F7-4668-BE54-9A1E7A4F7556}") = "Helix.PurchaseService.WebAPI", "src\Services\PurchaseService\Helix.PurchaseService.WebAPI\Helix.PurchaseService.WebAPI.csproj", "{1F4C92CA-FC07-4D5A-935E-991B7E2781F4}"
EndProject
Project("{2150E333-8FDC-42A3-9474-1A3956D46DE8}") = "tests", "tests", "{7D261835-CA80-4BFD-A616-7352C3BC803C}"
EndProject
Project("{2150E333-8FDC-42A3-9474-1A3956D46DE8}") = "BuildingBlocks", "BuildingBlocks", "{E58B19EF-922E-4698-AC55-B634CD12D0D7}"
EndProject
Project("{9A19103F-16F7-4668-BE54-9A1E7A4F7556}") = "TestProject1", "tests\BuildingBlocks\TestProject1\TestProject1.csproj", "{C0AD4703-5BA7-4F00-81FF-6100B3AA4075}"
EndProject
Project("{2150E333-8FDC-42A3-9474-1A3956D46DE8}") = "LBSService", "LBSService", "{7438FA5D-0998-49CE-8730-0D12A0534A78}"
EndProject
Project("{9A19103F-16F7-4668-BE54-9A1E7A4F7556}") = "Helix.LBSService.WebAPI", "src\Services\LBSService\Helix.LBSService.WebAPI\Helix.LBSService.WebAPI.csproj", "{C3453F89-C25B-4821-AD36-3FE8D27CEAE0}"
EndProject
Project("{9A19103F-16F7-4668-BE54-9A1E7A4F7556}") = "Helix.LBSService.Tiger", "src\Services\LBSService\Helix.LBSService.Application\Helix.LBSService.Tiger\Helix.LBSService.Tiger.csproj", "{3A746DDF-E9A5-4306-8C64-C225CB11C291}"
EndProject
Project("{9A19103F-16F7-4668-BE54-9A1E7A4F7556}") = "Helix.LBSService.Go", "src\Services\LBSService\Helix.LBSService.Go\Helix.LBSService.Go.csproj", "{E1CA34E3-6808-4B2E-B479-AE318ED0C92A}"
EndProject
Project("{9A19103F-16F7-4668-BE54-9A1E7A4F7556}") = "Helix.LBSService.EventConsumer", "src\Services\LBSService\Helix.LBSService.EventConsumer\Helix.LBSService.EventConsumer.csproj", "{E57CC946-FDB3-446E-9A3A-B3B940B2DA74}"
EndProject
Project("{2150E333-8FDC-42A3-9474-1A3956D46DE8}") = "IdentityService", "IdentityService", "{6A733631-C1F2-4CF3-BC29-44ED1FAA0B2F}"
EndProject
Project("{9A19103F-16F7-4668-BE54-9A1E7A4F7556}") = "Helix.IdentityService.Application", "src\Services\IdentityService\Helix.IdentityService.Application\Helix.IdentityService.Application.csproj", "{6B8D8B94-6CB4-4B3F-AD0F-047172B072F8}"
EndProject
Project("{9A19103F-16F7-4668-BE54-9A1E7A4F7556}") = "Helix.IdentityService.Domain", "src\Services\IdentityService\Helix.IdentityService.Domain\Helix.IdentityService.Domain.csproj", "{14349B19-0222-42B5-8C0F-C7574629FB3E}"
EndProject
Project("{9A19103F-16F7-4668-BE54-9A1E7A4F7556}") = "Helix.IdentityService.Infrastructure", "src\Services\IdentityService\Helix.IdentityService.Infrastructure\Helix.IdentityService.Infrastructure.csproj", "{604B9CE5-EADB-424C-8905-8FBB440DB5B7}"
EndProject
Project("{9A19103F-16F7-4668-BE54-9A1E7A4F7556}") = "Helix.IdentityService.WebAPI", "src\Services\IdentityService\Helix.IdentityService.WebAPI\Helix.IdentityService.WebAPI.csproj", "{5E47EB98-8C8E-4B6B-A4BF-B19CD21F4B55}"
EndProject
Project("{2150E333-8FDC-42A3-9474-1A3956D46DE8}") = "IdentityServer", "IdentityServer", "{F5980CDF-85DA-438C-BAE7-470BEDDE15F3}"
EndProject
Project("{2150E333-8FDC-42A3-9474-1A3956D46DE8}") = "UserInterfaces", "UserInterfaces", "{576B2119-E653-4E6E-8D18-416258003EBE}"
EndProject
Project("{2150E333-8FDC-42A3-9474-1A3956D46DE8}") = "SysUI", "SysUI", "{D9FF6423-C713-4CB2-8FAC-6F7620DE2893}"
EndProject
Project("{2150E333-8FDC-42A3-9474-1A3956D46DE8}") = "WebUI", "WebUI", "{7CD44F6B-5B6D-434D-9AAF-FFFD3D3FEFA0}"
EndProject
Project("{2150E333-8FDC-42A3-9474-1A3956D46DE8}") = "MobileUI", "MobileUI", "{3F289B64-169A-4C08-AF06-61E620888566}"
EndProject
Project("{9A19103F-16F7-4668-BE54-9A1E7A4F7556}") = "Helix.UI.Sys.Module", "src\UserInterfaces\SysUI\Helix.UI.Sys.Module\Helix.UI.Sys.Module.csproj", "{965A609C-6155-4CF8-A8D4-CE4F92A72C69}"
EndProject
Project("{9A19103F-16F7-4668-BE54-9A1E7A4F7556}") = "Helix.UI.Sys.Win", "src\UserInterfaces\SysUI\Helix.UI.Sys.Win\Helix.UI.Sys.Win.csproj", "{CFEE2126-558B-4FD8-8B63-9B70CDDA817C}"
EndProject
Project("{9A19103F-16F7-4668-BE54-9A1E7A4F7556}") = "Helix.UI.Sys.Blazor.Server", "src\UserInterfaces\SysUI\Helix.UI.Sys.Blazor.Server\Helix.UI.Sys.Blazor.Server.csproj", "{D9F8B0F5-DDE5-4415-AA08-0EB6302D4DB3}"
EndProject
Project("{9A19103F-16F7-4668-BE54-9A1E7A4F7556}") = "Helix.IdentityServer.WebApi", "src\Services\IdentityServer\Helix.IdentityServer.WebApi\Helix.IdentityServer.WebApi.csproj", "{FCFF10B4-62DC-4648-8BEE-7C092924E7D2}"
EndProject
Project("{2150E333-8FDC-42A3-9474-1A3956D46DE8}") = "SysService", "SysService", "{C20B1C74-EFD4-4F0B-8BC6-CF98878E1A2A}"
EndProject
Project("{9A19103F-16F7-4668-BE54-9A1E7A4F7556}") = "Helix.SysService.WebAPI", "src\Services\SysService\Helix.SysService.WebAPI\Helix.SysService.WebAPI.csproj", "{AA34D665-18B1-40D2-8E4C-508682EBFF4A}"
EndProject
Project("{9A19103F-16F7-4668-BE54-9A1E7A4F7556}") = "Helix.UI.Mobile", "src\UserInterfaces\MobileUI\Helix.UI.Mobile\Helix.UI.Mobile.csproj", "{EA8EDE23-2F44-445E-AA08-E858C9F9ACE9}"
EndProject
Project("{2150E333-8FDC-42A3-9474-1A3956D46DE8}") = "BasketService", "BasketService", "{64387395-9684-4395-AD2C-6130CBA008DE}"
EndProject
Project("{9A19103F-16F7-4668-BE54-9A1E7A4F7556}") = "Helix.BasketService.Application", "src\Services\BasketService\Helix.BasketService.Application\Helix.BasketService.Application.csproj", "{64907CBF-0261-4678-9C74-96BC888B78C4}"
EndProject
Project("{9A19103F-16F7-4668-BE54-9A1E7A4F7556}") = "Helix.BasketService.Domain", "src\Services\BasketService\Helix.BasketService.Domain\Helix.BasketService.Domain.csproj", "{C898D4FB-1B76-411D-8A1D-0FBA98FC90E8}"
EndProject
Project("{9A19103F-16F7-4668-BE54-9A1E7A4F7556}") = "Helix.BasketService.Infrastructure", "src\Services\BasketService\Helix.BasketService.Infrastructure\Helix.BasketService.Infrastructure.csproj", "{8B792FDF-7B85-47B7-AB43-C380D414D2F6}"
EndProject
Project("{9A19103F-16F7-4668-BE54-9A1E7A4F7556}") = "Helix.BasketService.WebAPI", "src\Services\BasketService\Helix.BasketService.WebAPI\Helix.BasketService.WebAPI.csproj", "{F79D8F1D-764D-4EF2-9300-0B4FFEF22BAF}"
EndProject
Project("{2150E333-8FDC-42A3-9474-1A3956D46DE8}") = "FinanceService", "FinanceService", "{765C7EC9-49A3-4EB4-ADB3-06D1920762A7}"
EndProject
Project("{9A19103F-16F7-4668-BE54-9A1E7A4F7556}") = "Helix.FinanceService.Domain", "src\Services\FinanceService\Helix.FinanceService.Domain\Helix.FinanceService.Domain.csproj", "{A84BB151-08C0-4F52-8008-D6A8F414A9D5}"
EndProject
Project("{9A19103F-16F7-4668-BE54-9A1E7A4F7556}") = "Helix.FinanceService.Application", "src\Services\FinanceService\Helix.FinanceService.Application\Helix.FinanceService.Application.csproj", "{14C6F653-8D33-4C2D-83A8-E8BCB9778858}"
EndProject
Project("{9A19103F-16F7-4668-BE54-9A1E7A4F7556}") = "Helix.FinanceService.Infrastructure", "src\Services\FinanceService\Helix.FinanceService.Infrastructure\Helix.FinanceService.Infrastructure.csproj", "{0E6F0A9B-61B8-45F2-8D25-05CC6D12381F}"
EndProject
Project("{9A19103F-16F7-4668-BE54-9A1E7A4F7556}") = "Helix.FinanceService.WebAPI", "src\Services\FinanceService\Helix.FinanceService.WebAPI\Helix.FinanceService.WebAPI.csproj", "{D1BC12AB-6D86-4B9E-AB27-90BA4D8AF36F}"
EndProject
Global
	GlobalSection(SolutionConfigurationPlatforms) = preSolution
		Debug|Any CPU = Debug|Any CPU
		EasyTest|Any CPU = EasyTest|Any CPU
		Release|Any CPU = Release|Any CPU
	EndGlobalSection
	GlobalSection(ProjectConfigurationPlatforms) = postSolution
		{029833D5-F4D2-45F7-851F-BAEC27ED38E2}.Debug|Any CPU.ActiveCfg = Debug|Any CPU
		{029833D5-F4D2-45F7-851F-BAEC27ED38E2}.Debug|Any CPU.Build.0 = Debug|Any CPU
		{029833D5-F4D2-45F7-851F-BAEC27ED38E2}.EasyTest|Any CPU.ActiveCfg = Release|Any CPU
		{029833D5-F4D2-45F7-851F-BAEC27ED38E2}.EasyTest|Any CPU.Build.0 = Release|Any CPU
		{029833D5-F4D2-45F7-851F-BAEC27ED38E2}.Release|Any CPU.ActiveCfg = Release|Any CPU
		{029833D5-F4D2-45F7-851F-BAEC27ED38E2}.Release|Any CPU.Build.0 = Release|Any CPU
		{C41903D5-732E-4444-BC81-39EE2152EB70}.Debug|Any CPU.ActiveCfg = Debug|Any CPU
		{C41903D5-732E-4444-BC81-39EE2152EB70}.Debug|Any CPU.Build.0 = Debug|Any CPU
		{C41903D5-732E-4444-BC81-39EE2152EB70}.EasyTest|Any CPU.ActiveCfg = Release|Any CPU
		{C41903D5-732E-4444-BC81-39EE2152EB70}.EasyTest|Any CPU.Build.0 = Release|Any CPU
		{C41903D5-732E-4444-BC81-39EE2152EB70}.Release|Any CPU.ActiveCfg = Release|Any CPU
		{C41903D5-732E-4444-BC81-39EE2152EB70}.Release|Any CPU.Build.0 = Release|Any CPU
		{F65138FB-E881-40CC-9DDD-2972F8513A69}.Debug|Any CPU.ActiveCfg = Debug|Any CPU
		{F65138FB-E881-40CC-9DDD-2972F8513A69}.Debug|Any CPU.Build.0 = Debug|Any CPU
		{F65138FB-E881-40CC-9DDD-2972F8513A69}.EasyTest|Any CPU.ActiveCfg = Release|Any CPU
		{F65138FB-E881-40CC-9DDD-2972F8513A69}.EasyTest|Any CPU.Build.0 = Release|Any CPU
		{F65138FB-E881-40CC-9DDD-2972F8513A69}.Release|Any CPU.ActiveCfg = Release|Any CPU
		{F65138FB-E881-40CC-9DDD-2972F8513A69}.Release|Any CPU.Build.0 = Release|Any CPU
		{D0C7C2FA-3139-4B00-B1D5-5F7EECFD5EA0}.Debug|Any CPU.ActiveCfg = Debug|Any CPU
		{D0C7C2FA-3139-4B00-B1D5-5F7EECFD5EA0}.Debug|Any CPU.Build.0 = Debug|Any CPU
		{D0C7C2FA-3139-4B00-B1D5-5F7EECFD5EA0}.EasyTest|Any CPU.ActiveCfg = Release|Any CPU
		{D0C7C2FA-3139-4B00-B1D5-5F7EECFD5EA0}.EasyTest|Any CPU.Build.0 = Release|Any CPU
		{D0C7C2FA-3139-4B00-B1D5-5F7EECFD5EA0}.Release|Any CPU.ActiveCfg = Release|Any CPU
		{D0C7C2FA-3139-4B00-B1D5-5F7EECFD5EA0}.Release|Any CPU.Build.0 = Release|Any CPU
		{5E647957-B588-4BC8-9DAD-6EA05E9B1E93}.Debug|Any CPU.ActiveCfg = Debug|Any CPU
		{5E647957-B588-4BC8-9DAD-6EA05E9B1E93}.Debug|Any CPU.Build.0 = Debug|Any CPU
		{5E647957-B588-4BC8-9DAD-6EA05E9B1E93}.EasyTest|Any CPU.ActiveCfg = Release|Any CPU
		{5E647957-B588-4BC8-9DAD-6EA05E9B1E93}.EasyTest|Any CPU.Build.0 = Release|Any CPU
		{5E647957-B588-4BC8-9DAD-6EA05E9B1E93}.Release|Any CPU.ActiveCfg = Release|Any CPU
		{5E647957-B588-4BC8-9DAD-6EA05E9B1E93}.Release|Any CPU.Build.0 = Release|Any CPU
		{6D8D61D2-C8FE-4026-AE17-F68A95128E3C}.Debug|Any CPU.ActiveCfg = Debug|Any CPU
		{6D8D61D2-C8FE-4026-AE17-F68A95128E3C}.Debug|Any CPU.Build.0 = Debug|Any CPU
		{6D8D61D2-C8FE-4026-AE17-F68A95128E3C}.EasyTest|Any CPU.ActiveCfg = Release|Any CPU
		{6D8D61D2-C8FE-4026-AE17-F68A95128E3C}.EasyTest|Any CPU.Build.0 = Release|Any CPU
		{6D8D61D2-C8FE-4026-AE17-F68A95128E3C}.Release|Any CPU.ActiveCfg = Release|Any CPU
		{6D8D61D2-C8FE-4026-AE17-F68A95128E3C}.Release|Any CPU.Build.0 = Release|Any CPU
		{80874EAC-F1FD-42D6-9ACF-627D6F7FCF0B}.Debug|Any CPU.ActiveCfg = Debug|Any CPU
		{80874EAC-F1FD-42D6-9ACF-627D6F7FCF0B}.Debug|Any CPU.Build.0 = Debug|Any CPU
		{80874EAC-F1FD-42D6-9ACF-627D6F7FCF0B}.EasyTest|Any CPU.ActiveCfg = Release|Any CPU
		{80874EAC-F1FD-42D6-9ACF-627D6F7FCF0B}.EasyTest|Any CPU.Build.0 = Release|Any CPU
		{80874EAC-F1FD-42D6-9ACF-627D6F7FCF0B}.Release|Any CPU.ActiveCfg = Release|Any CPU
		{80874EAC-F1FD-42D6-9ACF-627D6F7FCF0B}.Release|Any CPU.Build.0 = Release|Any CPU
		{E2D69C9B-7DD6-4A22-95B8-151C12CB3099}.Debug|Any CPU.ActiveCfg = Debug|Any CPU
		{E2D69C9B-7DD6-4A22-95B8-151C12CB3099}.Debug|Any CPU.Build.0 = Debug|Any CPU
		{E2D69C9B-7DD6-4A22-95B8-151C12CB3099}.EasyTest|Any CPU.ActiveCfg = Release|Any CPU
		{E2D69C9B-7DD6-4A22-95B8-151C12CB3099}.EasyTest|Any CPU.Build.0 = Release|Any CPU
		{E2D69C9B-7DD6-4A22-95B8-151C12CB3099}.Release|Any CPU.ActiveCfg = Release|Any CPU
		{E2D69C9B-7DD6-4A22-95B8-151C12CB3099}.Release|Any CPU.Build.0 = Release|Any CPU
		{580451B8-2500-43A0-BF98-0C7E8A1B5BF5}.Debug|Any CPU.ActiveCfg = Debug|Any CPU
		{580451B8-2500-43A0-BF98-0C7E8A1B5BF5}.Debug|Any CPU.Build.0 = Debug|Any CPU
		{580451B8-2500-43A0-BF98-0C7E8A1B5BF5}.EasyTest|Any CPU.ActiveCfg = Release|Any CPU
		{580451B8-2500-43A0-BF98-0C7E8A1B5BF5}.EasyTest|Any CPU.Build.0 = Release|Any CPU
		{580451B8-2500-43A0-BF98-0C7E8A1B5BF5}.Release|Any CPU.ActiveCfg = Release|Any CPU
		{580451B8-2500-43A0-BF98-0C7E8A1B5BF5}.Release|Any CPU.Build.0 = Release|Any CPU
		{C2BC12E1-5F81-455C-ADB3-98D8B4A61A27}.Debug|Any CPU.ActiveCfg = Debug|Any CPU
		{C2BC12E1-5F81-455C-ADB3-98D8B4A61A27}.Debug|Any CPU.Build.0 = Debug|Any CPU
		{C2BC12E1-5F81-455C-ADB3-98D8B4A61A27}.EasyTest|Any CPU.ActiveCfg = Release|Any CPU
		{C2BC12E1-5F81-455C-ADB3-98D8B4A61A27}.EasyTest|Any CPU.Build.0 = Release|Any CPU
		{C2BC12E1-5F81-455C-ADB3-98D8B4A61A27}.Release|Any CPU.ActiveCfg = Release|Any CPU
		{C2BC12E1-5F81-455C-ADB3-98D8B4A61A27}.Release|Any CPU.Build.0 = Release|Any CPU
		{318737A6-EB28-4E72-9495-17D16EFF143F}.Debug|Any CPU.ActiveCfg = Debug|Any CPU
		{318737A6-EB28-4E72-9495-17D16EFF143F}.Debug|Any CPU.Build.0 = Debug|Any CPU
		{318737A6-EB28-4E72-9495-17D16EFF143F}.EasyTest|Any CPU.ActiveCfg = Release|Any CPU
		{318737A6-EB28-4E72-9495-17D16EFF143F}.EasyTest|Any CPU.Build.0 = Release|Any CPU
		{318737A6-EB28-4E72-9495-17D16EFF143F}.Release|Any CPU.ActiveCfg = Release|Any CPU
		{318737A6-EB28-4E72-9495-17D16EFF143F}.Release|Any CPU.Build.0 = Release|Any CPU
		{084ED219-F491-475D-A97A-7616AB047C0F}.Debug|Any CPU.ActiveCfg = Debug|Any CPU
		{084ED219-F491-475D-A97A-7616AB047C0F}.Debug|Any CPU.Build.0 = Debug|Any CPU
		{084ED219-F491-475D-A97A-7616AB047C0F}.EasyTest|Any CPU.ActiveCfg = Release|Any CPU
		{084ED219-F491-475D-A97A-7616AB047C0F}.EasyTest|Any CPU.Build.0 = Release|Any CPU
		{084ED219-F491-475D-A97A-7616AB047C0F}.Release|Any CPU.ActiveCfg = Release|Any CPU
		{084ED219-F491-475D-A97A-7616AB047C0F}.Release|Any CPU.Build.0 = Release|Any CPU
		{D5092112-B2D6-4CC8-AA36-299B8DFE3344}.Debug|Any CPU.ActiveCfg = Debug|Any CPU
		{D5092112-B2D6-4CC8-AA36-299B8DFE3344}.Debug|Any CPU.Build.0 = Debug|Any CPU
		{D5092112-B2D6-4CC8-AA36-299B8DFE3344}.EasyTest|Any CPU.ActiveCfg = Release|Any CPU
		{D5092112-B2D6-4CC8-AA36-299B8DFE3344}.EasyTest|Any CPU.Build.0 = Release|Any CPU
		{D5092112-B2D6-4CC8-AA36-299B8DFE3344}.Release|Any CPU.ActiveCfg = Release|Any CPU
		{D5092112-B2D6-4CC8-AA36-299B8DFE3344}.Release|Any CPU.Build.0 = Release|Any CPU
		{E09FDC77-41CD-404E-8611-C25AF3DBE294}.Debug|Any CPU.ActiveCfg = Debug|Any CPU
		{E09FDC77-41CD-404E-8611-C25AF3DBE294}.Debug|Any CPU.Build.0 = Debug|Any CPU
		{E09FDC77-41CD-404E-8611-C25AF3DBE294}.EasyTest|Any CPU.ActiveCfg = Release|Any CPU
		{E09FDC77-41CD-404E-8611-C25AF3DBE294}.EasyTest|Any CPU.Build.0 = Release|Any CPU
		{E09FDC77-41CD-404E-8611-C25AF3DBE294}.Release|Any CPU.ActiveCfg = Release|Any CPU
		{E09FDC77-41CD-404E-8611-C25AF3DBE294}.Release|Any CPU.Build.0 = Release|Any CPU
		{A5B1818C-7486-4F9A-9824-BFF8B6C90883}.Debug|Any CPU.ActiveCfg = Debug|Any CPU
		{A5B1818C-7486-4F9A-9824-BFF8B6C90883}.Debug|Any CPU.Build.0 = Debug|Any CPU
		{A5B1818C-7486-4F9A-9824-BFF8B6C90883}.EasyTest|Any CPU.ActiveCfg = Release|Any CPU
		{A5B1818C-7486-4F9A-9824-BFF8B6C90883}.EasyTest|Any CPU.Build.0 = Release|Any CPU
		{A5B1818C-7486-4F9A-9824-BFF8B6C90883}.Release|Any CPU.ActiveCfg = Release|Any CPU
		{A5B1818C-7486-4F9A-9824-BFF8B6C90883}.Release|Any CPU.Build.0 = Release|Any CPU
		{FACDD688-5921-4CE0-8140-8D8B93503CDC}.Debug|Any CPU.ActiveCfg = Debug|Any CPU
		{FACDD688-5921-4CE0-8140-8D8B93503CDC}.Debug|Any CPU.Build.0 = Debug|Any CPU
		{FACDD688-5921-4CE0-8140-8D8B93503CDC}.EasyTest|Any CPU.ActiveCfg = Release|Any CPU
		{FACDD688-5921-4CE0-8140-8D8B93503CDC}.EasyTest|Any CPU.Build.0 = Release|Any CPU
		{FACDD688-5921-4CE0-8140-8D8B93503CDC}.Release|Any CPU.ActiveCfg = Release|Any CPU
		{FACDD688-5921-4CE0-8140-8D8B93503CDC}.Release|Any CPU.Build.0 = Release|Any CPU
		{F35C29DE-6DED-4C7C-AD3A-34DF45ABA5A2}.Debug|Any CPU.ActiveCfg = Debug|Any CPU
		{F35C29DE-6DED-4C7C-AD3A-34DF45ABA5A2}.Debug|Any CPU.Build.0 = Debug|Any CPU
		{F35C29DE-6DED-4C7C-AD3A-34DF45ABA5A2}.EasyTest|Any CPU.ActiveCfg = Release|Any CPU
		{F35C29DE-6DED-4C7C-AD3A-34DF45ABA5A2}.EasyTest|Any CPU.Build.0 = Release|Any CPU
		{F35C29DE-6DED-4C7C-AD3A-34DF45ABA5A2}.Release|Any CPU.ActiveCfg = Release|Any CPU
		{F35C29DE-6DED-4C7C-AD3A-34DF45ABA5A2}.Release|Any CPU.Build.0 = Release|Any CPU
		{62E1A1DE-3AF4-4703-A99B-8FEA12428F76}.Debug|Any CPU.ActiveCfg = Debug|Any CPU
		{62E1A1DE-3AF4-4703-A99B-8FEA12428F76}.Debug|Any CPU.Build.0 = Debug|Any CPU
		{62E1A1DE-3AF4-4703-A99B-8FEA12428F76}.EasyTest|Any CPU.ActiveCfg = Release|Any CPU
		{62E1A1DE-3AF4-4703-A99B-8FEA12428F76}.EasyTest|Any CPU.Build.0 = Release|Any CPU
		{62E1A1DE-3AF4-4703-A99B-8FEA12428F76}.Release|Any CPU.ActiveCfg = Release|Any CPU
		{62E1A1DE-3AF4-4703-A99B-8FEA12428F76}.Release|Any CPU.Build.0 = Release|Any CPU
		{1C33629C-D3DB-48C0-81C9-6911D27C3486}.Debug|Any CPU.ActiveCfg = Debug|Any CPU
		{1C33629C-D3DB-48C0-81C9-6911D27C3486}.Debug|Any CPU.Build.0 = Debug|Any CPU
		{1C33629C-D3DB-48C0-81C9-6911D27C3486}.EasyTest|Any CPU.ActiveCfg = Release|Any CPU
		{1C33629C-D3DB-48C0-81C9-6911D27C3486}.EasyTest|Any CPU.Build.0 = Release|Any CPU
		{1C33629C-D3DB-48C0-81C9-6911D27C3486}.Release|Any CPU.ActiveCfg = Release|Any CPU
		{1C33629C-D3DB-48C0-81C9-6911D27C3486}.Release|Any CPU.Build.0 = Release|Any CPU
		{AED5DEC2-20A1-4E77-9F26-A95FED55A414}.Debug|Any CPU.ActiveCfg = Debug|Any CPU
		{AED5DEC2-20A1-4E77-9F26-A95FED55A414}.Debug|Any CPU.Build.0 = Debug|Any CPU
		{AED5DEC2-20A1-4E77-9F26-A95FED55A414}.EasyTest|Any CPU.ActiveCfg = Release|Any CPU
		{AED5DEC2-20A1-4E77-9F26-A95FED55A414}.EasyTest|Any CPU.Build.0 = Release|Any CPU
		{AED5DEC2-20A1-4E77-9F26-A95FED55A414}.Release|Any CPU.ActiveCfg = Release|Any CPU
		{AED5DEC2-20A1-4E77-9F26-A95FED55A414}.Release|Any CPU.Build.0 = Release|Any CPU
		{4126181A-BDB3-4515-8B88-4960A8F2006F}.Debug|Any CPU.ActiveCfg = Debug|Any CPU
		{4126181A-BDB3-4515-8B88-4960A8F2006F}.Debug|Any CPU.Build.0 = Debug|Any CPU
		{4126181A-BDB3-4515-8B88-4960A8F2006F}.EasyTest|Any CPU.ActiveCfg = Release|Any CPU
		{4126181A-BDB3-4515-8B88-4960A8F2006F}.EasyTest|Any CPU.Build.0 = Release|Any CPU
		{4126181A-BDB3-4515-8B88-4960A8F2006F}.Release|Any CPU.ActiveCfg = Release|Any CPU
		{4126181A-BDB3-4515-8B88-4960A8F2006F}.Release|Any CPU.Build.0 = Release|Any CPU
		{1C79738F-6548-4987-8AEE-8128A17BED66}.Debug|Any CPU.ActiveCfg = Debug|Any CPU
		{1C79738F-6548-4987-8AEE-8128A17BED66}.Debug|Any CPU.Build.0 = Debug|Any CPU
		{1C79738F-6548-4987-8AEE-8128A17BED66}.EasyTest|Any CPU.ActiveCfg = Release|Any CPU
		{1C79738F-6548-4987-8AEE-8128A17BED66}.EasyTest|Any CPU.Build.0 = Release|Any CPU
		{1C79738F-6548-4987-8AEE-8128A17BED66}.Release|Any CPU.ActiveCfg = Release|Any CPU
		{1C79738F-6548-4987-8AEE-8128A17BED66}.Release|Any CPU.Build.0 = Release|Any CPU
		{35FC5028-2FE0-480C-8815-54A668314131}.Debug|Any CPU.ActiveCfg = Debug|Any CPU
		{35FC5028-2FE0-480C-8815-54A668314131}.Debug|Any CPU.Build.0 = Debug|Any CPU
		{35FC5028-2FE0-480C-8815-54A668314131}.EasyTest|Any CPU.ActiveCfg = Release|Any CPU
		{35FC5028-2FE0-480C-8815-54A668314131}.EasyTest|Any CPU.Build.0 = Release|Any CPU
		{35FC5028-2FE0-480C-8815-54A668314131}.Release|Any CPU.ActiveCfg = Release|Any CPU
		{35FC5028-2FE0-480C-8815-54A668314131}.Release|Any CPU.Build.0 = Release|Any CPU
		{3FE2CCCE-CDBC-4922-9114-4BC4D42D0039}.Debug|Any CPU.ActiveCfg = Debug|Any CPU
		{3FE2CCCE-CDBC-4922-9114-4BC4D42D0039}.Debug|Any CPU.Build.0 = Debug|Any CPU
		{3FE2CCCE-CDBC-4922-9114-4BC4D42D0039}.EasyTest|Any CPU.ActiveCfg = Release|Any CPU
		{3FE2CCCE-CDBC-4922-9114-4BC4D42D0039}.EasyTest|Any CPU.Build.0 = Release|Any CPU
		{3FE2CCCE-CDBC-4922-9114-4BC4D42D0039}.Release|Any CPU.ActiveCfg = Release|Any CPU
		{3FE2CCCE-CDBC-4922-9114-4BC4D42D0039}.Release|Any CPU.Build.0 = Release|Any CPU
		{DB5B5C6B-6DE4-4370-B35F-055793CB79DC}.Debug|Any CPU.ActiveCfg = Debug|Any CPU
		{DB5B5C6B-6DE4-4370-B35F-055793CB79DC}.Debug|Any CPU.Build.0 = Debug|Any CPU
		{DB5B5C6B-6DE4-4370-B35F-055793CB79DC}.EasyTest|Any CPU.ActiveCfg = Release|Any CPU
		{DB5B5C6B-6DE4-4370-B35F-055793CB79DC}.EasyTest|Any CPU.Build.0 = Release|Any CPU
		{DB5B5C6B-6DE4-4370-B35F-055793CB79DC}.Release|Any CPU.ActiveCfg = Release|Any CPU
		{DB5B5C6B-6DE4-4370-B35F-055793CB79DC}.Release|Any CPU.Build.0 = Release|Any CPU
		{6F4091BB-70FD-408B-952C-D8FD75AC7D86}.Debug|Any CPU.ActiveCfg = Debug|Any CPU
		{6F4091BB-70FD-408B-952C-D8FD75AC7D86}.Debug|Any CPU.Build.0 = Debug|Any CPU
		{6F4091BB-70FD-408B-952C-D8FD75AC7D86}.EasyTest|Any CPU.ActiveCfg = Release|Any CPU
		{6F4091BB-70FD-408B-952C-D8FD75AC7D86}.EasyTest|Any CPU.Build.0 = Release|Any CPU
		{6F4091BB-70FD-408B-952C-D8FD75AC7D86}.Release|Any CPU.ActiveCfg = Release|Any CPU
		{6F4091BB-70FD-408B-952C-D8FD75AC7D86}.Release|Any CPU.Build.0 = Release|Any CPU
		{1F4C92CA-FC07-4D5A-935E-991B7E2781F4}.Debug|Any CPU.ActiveCfg = Debug|Any CPU
		{1F4C92CA-FC07-4D5A-935E-991B7E2781F4}.Debug|Any CPU.Build.0 = Debug|Any CPU
		{1F4C92CA-FC07-4D5A-935E-991B7E2781F4}.EasyTest|Any CPU.ActiveCfg = Release|Any CPU
		{1F4C92CA-FC07-4D5A-935E-991B7E2781F4}.EasyTest|Any CPU.Build.0 = Release|Any CPU
		{1F4C92CA-FC07-4D5A-935E-991B7E2781F4}.Release|Any CPU.ActiveCfg = Release|Any CPU
		{1F4C92CA-FC07-4D5A-935E-991B7E2781F4}.Release|Any CPU.Build.0 = Release|Any CPU
		{C0AD4703-5BA7-4F00-81FF-6100B3AA4075}.Debug|Any CPU.ActiveCfg = Debug|Any CPU
		{C0AD4703-5BA7-4F00-81FF-6100B3AA4075}.Debug|Any CPU.Build.0 = Debug|Any CPU
		{C0AD4703-5BA7-4F00-81FF-6100B3AA4075}.EasyTest|Any CPU.ActiveCfg = Release|Any CPU
		{C0AD4703-5BA7-4F00-81FF-6100B3AA4075}.EasyTest|Any CPU.Build.0 = Release|Any CPU
		{C0AD4703-5BA7-4F00-81FF-6100B3AA4075}.Release|Any CPU.ActiveCfg = Release|Any CPU
		{C0AD4703-5BA7-4F00-81FF-6100B3AA4075}.Release|Any CPU.Build.0 = Release|Any CPU
		{C3453F89-C25B-4821-AD36-3FE8D27CEAE0}.Debug|Any CPU.ActiveCfg = Debug|Any CPU
		{C3453F89-C25B-4821-AD36-3FE8D27CEAE0}.Debug|Any CPU.Build.0 = Debug|Any CPU
		{C3453F89-C25B-4821-AD36-3FE8D27CEAE0}.EasyTest|Any CPU.ActiveCfg = Release|Any CPU
		{C3453F89-C25B-4821-AD36-3FE8D27CEAE0}.EasyTest|Any CPU.Build.0 = Release|Any CPU
		{C3453F89-C25B-4821-AD36-3FE8D27CEAE0}.Release|Any CPU.ActiveCfg = Release|Any CPU
		{C3453F89-C25B-4821-AD36-3FE8D27CEAE0}.Release|Any CPU.Build.0 = Release|Any CPU
		{3A746DDF-E9A5-4306-8C64-C225CB11C291}.Debug|Any CPU.ActiveCfg = Debug|Any CPU
		{3A746DDF-E9A5-4306-8C64-C225CB11C291}.Debug|Any CPU.Build.0 = Debug|Any CPU
		{3A746DDF-E9A5-4306-8C64-C225CB11C291}.EasyTest|Any CPU.ActiveCfg = Release|Any CPU
		{3A746DDF-E9A5-4306-8C64-C225CB11C291}.EasyTest|Any CPU.Build.0 = Release|Any CPU
		{3A746DDF-E9A5-4306-8C64-C225CB11C291}.Release|Any CPU.ActiveCfg = Release|Any CPU
		{3A746DDF-E9A5-4306-8C64-C225CB11C291}.Release|Any CPU.Build.0 = Release|Any CPU
		{E1CA34E3-6808-4B2E-B479-AE318ED0C92A}.Debug|Any CPU.ActiveCfg = Debug|Any CPU
		{E1CA34E3-6808-4B2E-B479-AE318ED0C92A}.Debug|Any CPU.Build.0 = Debug|Any CPU
		{E1CA34E3-6808-4B2E-B479-AE318ED0C92A}.EasyTest|Any CPU.ActiveCfg = Release|Any CPU
		{E1CA34E3-6808-4B2E-B479-AE318ED0C92A}.EasyTest|Any CPU.Build.0 = Release|Any CPU
		{E1CA34E3-6808-4B2E-B479-AE318ED0C92A}.Release|Any CPU.ActiveCfg = Release|Any CPU
		{E1CA34E3-6808-4B2E-B479-AE318ED0C92A}.Release|Any CPU.Build.0 = Release|Any CPU
		{E57CC946-FDB3-446E-9A3A-B3B940B2DA74}.Debug|Any CPU.ActiveCfg = Debug|Any CPU
		{E57CC946-FDB3-446E-9A3A-B3B940B2DA74}.Debug|Any CPU.Build.0 = Debug|Any CPU
		{E57CC946-FDB3-446E-9A3A-B3B940B2DA74}.EasyTest|Any CPU.ActiveCfg = Release|Any CPU
		{E57CC946-FDB3-446E-9A3A-B3B940B2DA74}.EasyTest|Any CPU.Build.0 = Release|Any CPU
		{E57CC946-FDB3-446E-9A3A-B3B940B2DA74}.Release|Any CPU.ActiveCfg = Release|Any CPU
		{E57CC946-FDB3-446E-9A3A-B3B940B2DA74}.Release|Any CPU.Build.0 = Release|Any CPU
		{6B8D8B94-6CB4-4B3F-AD0F-047172B072F8}.Debug|Any CPU.ActiveCfg = Debug|Any CPU
		{6B8D8B94-6CB4-4B3F-AD0F-047172B072F8}.Debug|Any CPU.Build.0 = Debug|Any CPU
		{6B8D8B94-6CB4-4B3F-AD0F-047172B072F8}.EasyTest|Any CPU.ActiveCfg = Release|Any CPU
		{6B8D8B94-6CB4-4B3F-AD0F-047172B072F8}.EasyTest|Any CPU.Build.0 = Release|Any CPU
		{6B8D8B94-6CB4-4B3F-AD0F-047172B072F8}.Release|Any CPU.ActiveCfg = Release|Any CPU
		{6B8D8B94-6CB4-4B3F-AD0F-047172B072F8}.Release|Any CPU.Build.0 = Release|Any CPU
		{14349B19-0222-42B5-8C0F-C7574629FB3E}.Debug|Any CPU.ActiveCfg = Debug|Any CPU
		{14349B19-0222-42B5-8C0F-C7574629FB3E}.Debug|Any CPU.Build.0 = Debug|Any CPU
		{14349B19-0222-42B5-8C0F-C7574629FB3E}.EasyTest|Any CPU.ActiveCfg = Release|Any CPU
		{14349B19-0222-42B5-8C0F-C7574629FB3E}.EasyTest|Any CPU.Build.0 = Release|Any CPU
		{14349B19-0222-42B5-8C0F-C7574629FB3E}.Release|Any CPU.ActiveCfg = Release|Any CPU
		{14349B19-0222-42B5-8C0F-C7574629FB3E}.Release|Any CPU.Build.0 = Release|Any CPU
		{604B9CE5-EADB-424C-8905-8FBB440DB5B7}.Debug|Any CPU.ActiveCfg = Debug|Any CPU
		{604B9CE5-EADB-424C-8905-8FBB440DB5B7}.Debug|Any CPU.Build.0 = Debug|Any CPU
		{604B9CE5-EADB-424C-8905-8FBB440DB5B7}.EasyTest|Any CPU.ActiveCfg = Release|Any CPU
		{604B9CE5-EADB-424C-8905-8FBB440DB5B7}.EasyTest|Any CPU.Build.0 = Release|Any CPU
		{604B9CE5-EADB-424C-8905-8FBB440DB5B7}.Release|Any CPU.ActiveCfg = Release|Any CPU
		{604B9CE5-EADB-424C-8905-8FBB440DB5B7}.Release|Any CPU.Build.0 = Release|Any CPU
		{5E47EB98-8C8E-4B6B-A4BF-B19CD21F4B55}.Debug|Any CPU.ActiveCfg = Debug|Any CPU
		{5E47EB98-8C8E-4B6B-A4BF-B19CD21F4B55}.Debug|Any CPU.Build.0 = Debug|Any CPU
		{5E47EB98-8C8E-4B6B-A4BF-B19CD21F4B55}.EasyTest|Any CPU.ActiveCfg = Release|Any CPU
		{5E47EB98-8C8E-4B6B-A4BF-B19CD21F4B55}.EasyTest|Any CPU.Build.0 = Release|Any CPU
		{5E47EB98-8C8E-4B6B-A4BF-B19CD21F4B55}.Release|Any CPU.ActiveCfg = Release|Any CPU
		{5E47EB98-8C8E-4B6B-A4BF-B19CD21F4B55}.Release|Any CPU.Build.0 = Release|Any CPU
		{965A609C-6155-4CF8-A8D4-CE4F92A72C69}.Debug|Any CPU.ActiveCfg = Debug|Any CPU
		{965A609C-6155-4CF8-A8D4-CE4F92A72C69}.Debug|Any CPU.Build.0 = Debug|Any CPU
		{965A609C-6155-4CF8-A8D4-CE4F92A72C69}.EasyTest|Any CPU.ActiveCfg = EasyTest|Any CPU
		{965A609C-6155-4CF8-A8D4-CE4F92A72C69}.EasyTest|Any CPU.Build.0 = EasyTest|Any CPU
		{965A609C-6155-4CF8-A8D4-CE4F92A72C69}.Release|Any CPU.ActiveCfg = Release|Any CPU
		{965A609C-6155-4CF8-A8D4-CE4F92A72C69}.Release|Any CPU.Build.0 = Release|Any CPU
		{CFEE2126-558B-4FD8-8B63-9B70CDDA817C}.Debug|Any CPU.ActiveCfg = Debug|Any CPU
		{CFEE2126-558B-4FD8-8B63-9B70CDDA817C}.Debug|Any CPU.Build.0 = Debug|Any CPU
		{CFEE2126-558B-4FD8-8B63-9B70CDDA817C}.EasyTest|Any CPU.ActiveCfg = EasyTest|Any CPU
		{CFEE2126-558B-4FD8-8B63-9B70CDDA817C}.EasyTest|Any CPU.Build.0 = EasyTest|Any CPU
		{CFEE2126-558B-4FD8-8B63-9B70CDDA817C}.Release|Any CPU.ActiveCfg = Release|Any CPU
		{CFEE2126-558B-4FD8-8B63-9B70CDDA817C}.Release|Any CPU.Build.0 = Release|Any CPU
		{D9F8B0F5-DDE5-4415-AA08-0EB6302D4DB3}.Debug|Any CPU.ActiveCfg = Debug|Any CPU
		{D9F8B0F5-DDE5-4415-AA08-0EB6302D4DB3}.Debug|Any CPU.Build.0 = Debug|Any CPU
		{D9F8B0F5-DDE5-4415-AA08-0EB6302D4DB3}.EasyTest|Any CPU.ActiveCfg = EasyTest|Any CPU
		{D9F8B0F5-DDE5-4415-AA08-0EB6302D4DB3}.EasyTest|Any CPU.Build.0 = EasyTest|Any CPU
		{D9F8B0F5-DDE5-4415-AA08-0EB6302D4DB3}.Release|Any CPU.ActiveCfg = Release|Any CPU
		{D9F8B0F5-DDE5-4415-AA08-0EB6302D4DB3}.Release|Any CPU.Build.0 = Release|Any CPU
		{FCFF10B4-62DC-4648-8BEE-7C092924E7D2}.Debug|Any CPU.ActiveCfg = Debug|Any CPU
		{FCFF10B4-62DC-4648-8BEE-7C092924E7D2}.Debug|Any CPU.Build.0 = Debug|Any CPU
		{FCFF10B4-62DC-4648-8BEE-7C092924E7D2}.EasyTest|Any CPU.ActiveCfg = EasyTest|Any CPU
		{FCFF10B4-62DC-4648-8BEE-7C092924E7D2}.EasyTest|Any CPU.Build.0 = EasyTest|Any CPU
		{FCFF10B4-62DC-4648-8BEE-7C092924E7D2}.Release|Any CPU.ActiveCfg = Release|Any CPU
		{FCFF10B4-62DC-4648-8BEE-7C092924E7D2}.Release|Any CPU.Build.0 = Release|Any CPU
		{AA34D665-18B1-40D2-8E4C-508682EBFF4A}.Debug|Any CPU.ActiveCfg = Debug|Any CPU
		{AA34D665-18B1-40D2-8E4C-508682EBFF4A}.Debug|Any CPU.Build.0 = Debug|Any CPU
		{AA34D665-18B1-40D2-8E4C-508682EBFF4A}.EasyTest|Any CPU.ActiveCfg = Debug|Any CPU
		{AA34D665-18B1-40D2-8E4C-508682EBFF4A}.EasyTest|Any CPU.Build.0 = Debug|Any CPU
		{AA34D665-18B1-40D2-8E4C-508682EBFF4A}.Release|Any CPU.ActiveCfg = Release|Any CPU
		{AA34D665-18B1-40D2-8E4C-508682EBFF4A}.Release|Any CPU.Build.0 = Release|Any CPU
		{EA8EDE23-2F44-445E-AA08-E858C9F9ACE9}.Debug|Any CPU.ActiveCfg = Debug|Any CPU
		{EA8EDE23-2F44-445E-AA08-E858C9F9ACE9}.Debug|Any CPU.Build.0 = Debug|Any CPU
		{EA8EDE23-2F44-445E-AA08-E858C9F9ACE9}.Debug|Any CPU.Deploy.0 = Debug|Any CPU
		{EA8EDE23-2F44-445E-AA08-E858C9F9ACE9}.EasyTest|Any CPU.ActiveCfg = Debug|Any CPU
		{EA8EDE23-2F44-445E-AA08-E858C9F9ACE9}.EasyTest|Any CPU.Build.0 = Debug|Any CPU
		{EA8EDE23-2F44-445E-AA08-E858C9F9ACE9}.EasyTest|Any CPU.Deploy.0 = Debug|Any CPU
		{EA8EDE23-2F44-445E-AA08-E858C9F9ACE9}.Release|Any CPU.ActiveCfg = Release|Any CPU
		{EA8EDE23-2F44-445E-AA08-E858C9F9ACE9}.Release|Any CPU.Build.0 = Release|Any CPU
		{EA8EDE23-2F44-445E-AA08-E858C9F9ACE9}.Release|Any CPU.Deploy.0 = Release|Any CPU
		{64907CBF-0261-4678-9C74-96BC888B78C4}.Debug|Any CPU.ActiveCfg = Debug|Any CPU
		{64907CBF-0261-4678-9C74-96BC888B78C4}.Debug|Any CPU.Build.0 = Debug|Any CPU
		{64907CBF-0261-4678-9C74-96BC888B78C4}.EasyTest|Any CPU.ActiveCfg = Debug|Any CPU
		{64907CBF-0261-4678-9C74-96BC888B78C4}.EasyTest|Any CPU.Build.0 = Debug|Any CPU
		{64907CBF-0261-4678-9C74-96BC888B78C4}.Release|Any CPU.ActiveCfg = Release|Any CPU
		{64907CBF-0261-4678-9C74-96BC888B78C4}.Release|Any CPU.Build.0 = Release|Any CPU
		{C898D4FB-1B76-411D-8A1D-0FBA98FC90E8}.Debug|Any CPU.ActiveCfg = Debug|Any CPU
		{C898D4FB-1B76-411D-8A1D-0FBA98FC90E8}.Debug|Any CPU.Build.0 = Debug|Any CPU
		{C898D4FB-1B76-411D-8A1D-0FBA98FC90E8}.EasyTest|Any CPU.ActiveCfg = Debug|Any CPU
		{C898D4FB-1B76-411D-8A1D-0FBA98FC90E8}.EasyTest|Any CPU.Build.0 = Debug|Any CPU
		{C898D4FB-1B76-411D-8A1D-0FBA98FC90E8}.Release|Any CPU.ActiveCfg = Release|Any CPU
		{C898D4FB-1B76-411D-8A1D-0FBA98FC90E8}.Release|Any CPU.Build.0 = Release|Any CPU
		{8B792FDF-7B85-47B7-AB43-C380D414D2F6}.Debug|Any CPU.ActiveCfg = Debug|Any CPU
		{8B792FDF-7B85-47B7-AB43-C380D414D2F6}.Debug|Any CPU.Build.0 = Debug|Any CPU
		{8B792FDF-7B85-47B7-AB43-C380D414D2F6}.EasyTest|Any CPU.ActiveCfg = Debug|Any CPU
		{8B792FDF-7B85-47B7-AB43-C380D414D2F6}.EasyTest|Any CPU.Build.0 = Debug|Any CPU
		{8B792FDF-7B85-47B7-AB43-C380D414D2F6}.Release|Any CPU.ActiveCfg = Release|Any CPU
		{8B792FDF-7B85-47B7-AB43-C380D414D2F6}.Release|Any CPU.Build.0 = Release|Any CPU
		{F79D8F1D-764D-4EF2-9300-0B4FFEF22BAF}.Debug|Any CPU.ActiveCfg = Debug|Any CPU
		{F79D8F1D-764D-4EF2-9300-0B4FFEF22BAF}.Debug|Any CPU.Build.0 = Debug|Any CPU
		{F79D8F1D-764D-4EF2-9300-0B4FFEF22BAF}.EasyTest|Any CPU.ActiveCfg = Debug|Any CPU
		{F79D8F1D-764D-4EF2-9300-0B4FFEF22BAF}.EasyTest|Any CPU.Build.0 = Debug|Any CPU
		{F79D8F1D-764D-4EF2-9300-0B4FFEF22BAF}.Release|Any CPU.ActiveCfg = Release|Any CPU
		{F79D8F1D-764D-4EF2-9300-0B4FFEF22BAF}.Release|Any CPU.Build.0 = Release|Any CPU
		{A84BB151-08C0-4F52-8008-D6A8F414A9D5}.Debug|Any CPU.ActiveCfg = Debug|Any CPU
		{A84BB151-08C0-4F52-8008-D6A8F414A9D5}.Debug|Any CPU.Build.0 = Debug|Any CPU
		{A84BB151-08C0-4F52-8008-D6A8F414A9D5}.EasyTest|Any CPU.ActiveCfg = Debug|Any CPU
		{A84BB151-08C0-4F52-8008-D6A8F414A9D5}.EasyTest|Any CPU.Build.0 = Debug|Any CPU
		{A84BB151-08C0-4F52-8008-D6A8F414A9D5}.Release|Any CPU.ActiveCfg = Release|Any CPU
		{A84BB151-08C0-4F52-8008-D6A8F414A9D5}.Release|Any CPU.Build.0 = Release|Any CPU
		{14C6F653-8D33-4C2D-83A8-E8BCB9778858}.Debug|Any CPU.ActiveCfg = Debug|Any CPU
		{14C6F653-8D33-4C2D-83A8-E8BCB9778858}.Debug|Any CPU.Build.0 = Debug|Any CPU
		{14C6F653-8D33-4C2D-83A8-E8BCB9778858}.EasyTest|Any CPU.ActiveCfg = Debug|Any CPU
		{14C6F653-8D33-4C2D-83A8-E8BCB9778858}.EasyTest|Any CPU.Build.0 = Debug|Any CPU
		{14C6F653-8D33-4C2D-83A8-E8BCB9778858}.Release|Any CPU.ActiveCfg = Release|Any CPU
		{14C6F653-8D33-4C2D-83A8-E8BCB9778858}.Release|Any CPU.Build.0 = Release|Any CPU
		{0E6F0A9B-61B8-45F2-8D25-05CC6D12381F}.Debug|Any CPU.ActiveCfg = Debug|Any CPU
		{0E6F0A9B-61B8-45F2-8D25-05CC6D12381F}.Debug|Any CPU.Build.0 = Debug|Any CPU
		{0E6F0A9B-61B8-45F2-8D25-05CC6D12381F}.EasyTest|Any CPU.ActiveCfg = Debug|Any CPU
		{0E6F0A9B-61B8-45F2-8D25-05CC6D12381F}.EasyTest|Any CPU.Build.0 = Debug|Any CPU
		{0E6F0A9B-61B8-45F2-8D25-05CC6D12381F}.Release|Any CPU.ActiveCfg = Release|Any CPU
		{0E6F0A9B-61B8-45F2-8D25-05CC6D12381F}.Release|Any CPU.Build.0 = Release|Any CPU
		{D1BC12AB-6D86-4B9E-AB27-90BA4D8AF36F}.Debug|Any CPU.ActiveCfg = Debug|Any CPU
		{D1BC12AB-6D86-4B9E-AB27-90BA4D8AF36F}.Debug|Any CPU.Build.0 = Debug|Any CPU
		{D1BC12AB-6D86-4B9E-AB27-90BA4D8AF36F}.EasyTest|Any CPU.ActiveCfg = Debug|Any CPU
		{D1BC12AB-6D86-4B9E-AB27-90BA4D8AF36F}.EasyTest|Any CPU.Build.0 = Debug|Any CPU
		{D1BC12AB-6D86-4B9E-AB27-90BA4D8AF36F}.Release|Any CPU.ActiveCfg = Release|Any CPU
		{D1BC12AB-6D86-4B9E-AB27-90BA4D8AF36F}.Release|Any CPU.Build.0 = Release|Any CPU
	EndGlobalSection
	GlobalSection(SolutionProperties) = preSolution
		HideSolutionNode = FALSE
	EndGlobalSection
	GlobalSection(NestedProjects) = preSolution
		{F8038355-CD48-4C52-9D64-3281B09C062B} = {B621AE88-2064-4522-85BC-3DB12C4467DA}
		{7AD8DEAB-3CC9-43A0-B83D-4F180D6BBE52} = {F8038355-CD48-4C52-9D64-3281B09C062B}
		{029833D5-F4D2-45F7-851F-BAEC27ED38E2} = {7AD8DEAB-3CC9-43A0-B83D-4F180D6BBE52}
		{D2489367-D423-4596-A6A9-35DA48AA31DF} = {B621AE88-2064-4522-85BC-3DB12C4467DA}
		{54DE53E8-ADC8-48A4-8A9E-7F0C582FF2E7} = {D2489367-D423-4596-A6A9-35DA48AA31DF}
		{C41903D5-732E-4444-BC81-39EE2152EB70} = {54DE53E8-ADC8-48A4-8A9E-7F0C582FF2E7}
		{F65138FB-E881-40CC-9DDD-2972F8513A69} = {54DE53E8-ADC8-48A4-8A9E-7F0C582FF2E7}
		{D0C7C2FA-3139-4B00-B1D5-5F7EECFD5EA0} = {54DE53E8-ADC8-48A4-8A9E-7F0C582FF2E7}
		{545A203E-A040-4BFD-A610-48C2C1C9A72D} = {B621AE88-2064-4522-85BC-3DB12C4467DA}
		{11DA69FC-C221-4083-96DF-35AC9E4D6AAC} = {B621AE88-2064-4522-85BC-3DB12C4467DA}
		{D9324C7D-D01A-4775-BD69-80EE479A90B5} = {11DA69FC-C221-4083-96DF-35AC9E4D6AAC}
		{F83BE06B-AEE9-41A2-9E1B-3A2D8E5C6080} = {11DA69FC-C221-4083-96DF-35AC9E4D6AAC}
		{5E647957-B588-4BC8-9DAD-6EA05E9B1E93} = {D9324C7D-D01A-4775-BD69-80EE479A90B5}
		{6D8D61D2-C8FE-4026-AE17-F68A95128E3C} = {D9324C7D-D01A-4775-BD69-80EE479A90B5}
		{80874EAC-F1FD-42D6-9ACF-627D6F7FCF0B} = {F83BE06B-AEE9-41A2-9E1B-3A2D8E5C6080}
		{E2D69C9B-7DD6-4A22-95B8-151C12CB3099} = {F83BE06B-AEE9-41A2-9E1B-3A2D8E5C6080}
		{DB0150A8-E660-4C6E-9540-538D96DA6945} = {545A203E-A040-4BFD-A610-48C2C1C9A72D}
		{580451B8-2500-43A0-BF98-0C7E8A1B5BF5} = {DB0150A8-E660-4C6E-9540-538D96DA6945}
		{93CDEF7E-418B-4BAA-810F-B10F16BD6A3D} = {545A203E-A040-4BFD-A610-48C2C1C9A72D}
		{C2BC12E1-5F81-455C-ADB3-98D8B4A61A27} = {93CDEF7E-418B-4BAA-810F-B10F16BD6A3D}
		{318737A6-EB28-4E72-9495-17D16EFF143F} = {F83BE06B-AEE9-41A2-9E1B-3A2D8E5C6080}
		{084ED219-F491-475D-A97A-7616AB047C0F} = {D9324C7D-D01A-4775-BD69-80EE479A90B5}
		{288ACC7C-BD61-4E28-B369-A8A36DE959A1} = {545A203E-A040-4BFD-A610-48C2C1C9A72D}
		{D5092112-B2D6-4CC8-AA36-299B8DFE3344} = {288ACC7C-BD61-4E28-B369-A8A36DE959A1}
		{E09FDC77-41CD-404E-8611-C25AF3DBE294} = {288ACC7C-BD61-4E28-B369-A8A36DE959A1}
		{A5B1818C-7486-4F9A-9824-BFF8B6C90883} = {288ACC7C-BD61-4E28-B369-A8A36DE959A1}
		{FACDD688-5921-4CE0-8140-8D8B93503CDC} = {288ACC7C-BD61-4E28-B369-A8A36DE959A1}
		{711F599D-5B63-4FBA-9A5B-91E3CDF70632} = {DB0150A8-E660-4C6E-9540-538D96DA6945}
		{F35C29DE-6DED-4C7C-AD3A-34DF45ABA5A2} = {711F599D-5B63-4FBA-9A5B-91E3CDF70632}
		{62E1A1DE-3AF4-4703-A99B-8FEA12428F76} = {711F599D-5B63-4FBA-9A5B-91E3CDF70632}
		{1C33629C-D3DB-48C0-81C9-6911D27C3486} = {711F599D-5B63-4FBA-9A5B-91E3CDF70632}
		{AED5DEC2-20A1-4E77-9F26-A95FED55A414} = {711F599D-5B63-4FBA-9A5B-91E3CDF70632}
		{4126181A-BDB3-4515-8B88-4960A8F2006F} = {DB0150A8-E660-4C6E-9540-538D96DA6945}
		{1C79738F-6548-4987-8AEE-8128A17BED66} = {DB0150A8-E660-4C6E-9540-538D96DA6945}
		{35FC5028-2FE0-480C-8815-54A668314131} = {DB0150A8-E660-4C6E-9540-538D96DA6945}
		{99393B8B-F96A-41C4-977E-B018825BB33F} = {545A203E-A040-4BFD-A610-48C2C1C9A72D}
		{3FE2CCCE-CDBC-4922-9114-4BC4D42D0039} = {99393B8B-F96A-41C4-977E-B018825BB33F}
		{DB5B5C6B-6DE4-4370-B35F-055793CB79DC} = {99393B8B-F96A-41C4-977E-B018825BB33F}
		{6F4091BB-70FD-408B-952C-D8FD75AC7D86} = {99393B8B-F96A-41C4-977E-B018825BB33F}
		{1F4C92CA-FC07-4D5A-935E-991B7E2781F4} = {99393B8B-F96A-41C4-977E-B018825BB33F}
		{E58B19EF-922E-4698-AC55-B634CD12D0D7} = {7D261835-CA80-4BFD-A616-7352C3BC803C}
		{C0AD4703-5BA7-4F00-81FF-6100B3AA4075} = {E58B19EF-922E-4698-AC55-B634CD12D0D7}
		{7438FA5D-0998-49CE-8730-0D12A0534A78} = {545A203E-A040-4BFD-A610-48C2C1C9A72D}
		{C3453F89-C25B-4821-AD36-3FE8D27CEAE0} = {7438FA5D-0998-49CE-8730-0D12A0534A78}
		{3A746DDF-E9A5-4306-8C64-C225CB11C291} = {7438FA5D-0998-49CE-8730-0D12A0534A78}
		{E1CA34E3-6808-4B2E-B479-AE318ED0C92A} = {7438FA5D-0998-49CE-8730-0D12A0534A78}
		{E57CC946-FDB3-446E-9A3A-B3B940B2DA74} = {7438FA5D-0998-49CE-8730-0D12A0534A78}
		{6A733631-C1F2-4CF3-BC29-44ED1FAA0B2F} = {545A203E-A040-4BFD-A610-48C2C1C9A72D}
		{6B8D8B94-6CB4-4B3F-AD0F-047172B072F8} = {6A733631-C1F2-4CF3-BC29-44ED1FAA0B2F}
		{14349B19-0222-42B5-8C0F-C7574629FB3E} = {6A733631-C1F2-4CF3-BC29-44ED1FAA0B2F}
		{604B9CE5-EADB-424C-8905-8FBB440DB5B7} = {6A733631-C1F2-4CF3-BC29-44ED1FAA0B2F}
		{5E47EB98-8C8E-4B6B-A4BF-B19CD21F4B55} = {6A733631-C1F2-4CF3-BC29-44ED1FAA0B2F}
		{F5980CDF-85DA-438C-BAE7-470BEDDE15F3} = {545A203E-A040-4BFD-A610-48C2C1C9A72D}
		{576B2119-E653-4E6E-8D18-416258003EBE} = {B621AE88-2064-4522-85BC-3DB12C4467DA}
		{D9FF6423-C713-4CB2-8FAC-6F7620DE2893} = {576B2119-E653-4E6E-8D18-416258003EBE}
		{7CD44F6B-5B6D-434D-9AAF-FFFD3D3FEFA0} = {576B2119-E653-4E6E-8D18-416258003EBE}
		{3F289B64-169A-4C08-AF06-61E620888566} = {576B2119-E653-4E6E-8D18-416258003EBE}
		{965A609C-6155-4CF8-A8D4-CE4F92A72C69} = {D9FF6423-C713-4CB2-8FAC-6F7620DE2893}
		{CFEE2126-558B-4FD8-8B63-9B70CDDA817C} = {D9FF6423-C713-4CB2-8FAC-6F7620DE2893}
		{D9F8B0F5-DDE5-4415-AA08-0EB6302D4DB3} = {D9FF6423-C713-4CB2-8FAC-6F7620DE2893}
		{FCFF10B4-62DC-4648-8BEE-7C092924E7D2} = {F5980CDF-85DA-438C-BAE7-470BEDDE15F3}
		{C20B1C74-EFD4-4F0B-8BC6-CF98878E1A2A} = {545A203E-A040-4BFD-A610-48C2C1C9A72D}
		{AA34D665-18B1-40D2-8E4C-508682EBFF4A} = {C20B1C74-EFD4-4F0B-8BC6-CF98878E1A2A}
		{EA8EDE23-2F44-445E-AA08-E858C9F9ACE9} = {3F289B64-169A-4C08-AF06-61E620888566}
		{64387395-9684-4395-AD2C-6130CBA008DE} = {545A203E-A040-4BFD-A610-48C2C1C9A72D}
		{64907CBF-0261-4678-9C74-96BC888B78C4} = {64387395-9684-4395-AD2C-6130CBA008DE}
		{C898D4FB-1B76-411D-8A1D-0FBA98FC90E8} = {64387395-9684-4395-AD2C-6130CBA008DE}
		{8B792FDF-7B85-47B7-AB43-C380D414D2F6} = {64387395-9684-4395-AD2C-6130CBA008DE}
		{F79D8F1D-764D-4EF2-9300-0B4FFEF22BAF} = {64387395-9684-4395-AD2C-6130CBA008DE}
		{765C7EC9-49A3-4EB4-ADB3-06D1920762A7} = {545A203E-A040-4BFD-A610-48C2C1C9A72D}
		{A84BB151-08C0-4F52-8008-D6A8F414A9D5} = {765C7EC9-49A3-4EB4-ADB3-06D1920762A7}
		{14C6F653-8D33-4C2D-83A8-E8BCB9778858} = {765C7EC9-49A3-4EB4-ADB3-06D1920762A7}
		{0E6F0A9B-61B8-45F2-8D25-05CC6D12381F} = {765C7EC9-49A3-4EB4-ADB3-06D1920762A7}
		{D1BC12AB-6D86-4B9E-AB27-90BA4D8AF36F} = {765C7EC9-49A3-4EB4-ADB3-06D1920762A7}
	EndGlobalSection
	GlobalSection(ExtensibilityGlobals) = postSolution
		SolutionGuid = {B4C87CFD-0EA8-4BDD-B273-900BDB42AD58}
	EndGlobalSection
EndGlobal
